
Microsoft Visual Studio Solution File, Format Version 12.00
# Visual Studio Version 16
VisualStudioVersion = 16.0.29509.3
MinimumVisualStudioVersion = 10.0.40219.1
Project("{888888A0-9F3D-457C-B088-3A5042F75D52}") = "TestingML", "TestingML\TestingML.pyproj", "{7D810B3C-7D85-44F0-BE14-948A7E732356}"
EndProject
Global
	GlobalSection(SolutionConfigurationPlatforms) = preSolution
		Debug|Any CPU = Debug|Any CPU
		Release|Any CPU = Release|Any CPU
	EndGlobalSection
	GlobalSection(ProjectConfigurationPlatforms) = postSolution
		{7D810B3C-7D85-44F0-BE14-948A7E732356}.Debug|Any CPU.ActiveCfg = Debug|Any CPU
		{7D810B3C-7D85-44F0-BE14-948A7E732356}.Release|Any CPU.ActiveCfg = Release|Any CPU
	EndGlobalSection
	GlobalSection(SolutionProperties) = preSolution
		HideSolutionNode = FALSE
	EndGlobalSection
	GlobalSection(ExtensibilityGlobals) = postSolution
		SolutionGuid = {EB315CFD-A847-429B-938C-8860D9DC7F05}
	EndGlobalSection
EndGlobal
